
Microsoft Visual Studio Solution File, Format Version 11.00
# Visual Studio 2010
Project("{FAE04EC0-301F-11D3-BF4B-00C04F79EFBC}") = "Assembly-CSharp", "Assembly-CSharp.csproj", "{507e4c92-891a-1955-8a73-2fd9fc7af1bb}"
EndProject
Project("{FAE04EC0-301F-11D3-BF4B-00C04F79EFBC}") = "Assembly-CSharp-firstpass", "Assembly-CSharp-firstpass.csproj", "{c8410b47-d2a8-ea58-9f39-daa3eaf61e7d}"
EndProject
Global
	GlobalSection(SolutionConfigurationPlatforms) = preSolution
		Debug|Any CPU = Debug|Any CPU
	EndGlobalSection
	GlobalSection(ProjectConfigurationPlatforms) = postSolution
		{507e4c92-891a-1955-8a73-2fd9fc7af1bb}.Debug|Any CPU.ActiveCfg = Debug|Any CPU
		{507e4c92-891a-1955-8a73-2fd9fc7af1bb}.Debug|Any CPU.Build.0 = Debug|Any CPU
		{c8410b47-d2a8-ea58-9f39-daa3eaf61e7d}.Debug|Any CPU.ActiveCfg = Debug|Any CPU
		{c8410b47-d2a8-ea58-9f39-daa3eaf61e7d}.Debug|Any CPU.Build.0 = Debug|Any CPU
	EndGlobalSection
	GlobalSection(SolutionProperties) = preSolution
		HideSolutionNode = FALSE
	EndGlobalSection
EndGlobal
